
Microsoft Visual Studio Solution File, Format Version 12.00
# Visual Studio Version 17
VisualStudioVersion = 17.0.32112.339
MinimumVisualStudioVersion = 10.0.40219.1
Project("{FAE04EC0-301F-11D3-BF4B-00C04F79EFBC}") = "SuggestionAppUI", "SuggestionAppUI\SuggestionAppUI.csproj", "{381C3516-D007-4A94-8F5D-9AFAA877AC0D}"
EndProject
Project("{FAE04EC0-301F-11D3-BF4B-00C04F79EFBC}") = "SuggestionAppLibrary", "SuggestionAppLibrary\SuggestionAppLibrary.csproj", "{FFD97331-0D07-43EF-AFDE-7DA7706385D1}"
EndProject
Project("{2150E333-8FDC-42A3-9474-1A3956D46DE8}") = "Solution Items", "Solution Items", "{DF4F3F4E-318E-4369-A0EE-873C9836C805}"
	ProjectSection(SolutionItems) = preProject
		.editorconfig = .editorconfig
	EndProjectSection
EndProject
Global
	GlobalSection(SolutionConfigurationPlatforms) = preSolution
		Debug|Any CPU = Debug|Any CPU
		Release|Any CPU = Release|Any CPU
	EndGlobalSection
	GlobalSection(ProjectConfigurationPlatforms) = postSolution
		{381C3516-D007-4A94-8F5D-9AFAA877AC0D}.Debug|Any CPU.ActiveCfg = Debug|Any CPU
		{381C3516-D007-4A94-8F5D-9AFAA877AC0D}.Debug|Any CPU.Build.0 = Debug|Any CPU
		{381C3516-D007-4A94-8F5D-9AFAA877AC0D}.Release|Any CPU.ActiveCfg = Release|Any CPU
		{381C3516-D007-4A94-8F5D-9AFAA877AC0D}.Release|Any CPU.Build.0 = Release|Any CPU
		{FFD97331-0D07-43EF-AFDE-7DA7706385D1}.Debug|Any CPU.ActiveCfg = Debug|Any CPU
		{FFD97331-0D07-43EF-AFDE-7DA7706385D1}.Debug|Any CPU.Build.0 = Debug|Any CPU
		{FFD97331-0D07-43EF-AFDE-7DA7706385D1}.Release|Any CPU.ActiveCfg = Release|Any CPU
		{FFD97331-0D07-43EF-AFDE-7DA7706385D1}.Release|Any CPU.Build.0 = Release|Any CPU
	EndGlobalSection
	GlobalSection(SolutionProperties) = preSolution
		HideSolutionNode = FALSE
	EndGlobalSection
	GlobalSection(ExtensibilityGlobals) = postSolution
		SolutionGuid = {F2BB1D6E-43DB-4798-954E-A11F400F7D2B}
	EndGlobalSection
EndGlobal
